
Microsoft Visual Studio Solution File, Format Version 12.00
# Visual Studio 15
VisualStudioVersion = 15.0.27703.2042
MinimumVisualStudioVersion = 10.0.40219.1
Project("{8BC9CEB8-8B4A-11D0-8D11-00A0C91BC942}") = "MapDesigner", "MapDesigner\MapDesigner.vcxproj", "{84A39CF5-E0DA-4556-8B24-871A655AF966}"
EndProject
Project("{2150E333-8FDC-42A3-9474-1A3956D46DE8}") = "Engine", "Engine", "{9254B3EE-6C67-4201-9B61-293FBD1DFA0B}"
EndProject
Global
	GlobalSection(SolutionConfigurationPlatforms) = preSolution
		Debug|x64 = Debug|x64
		Debug|x86 = Debug|x86
		Release|x64 = Release|x64
		Release|x86 = Release|x86
	EndGlobalSection
	GlobalSection(ProjectConfigurationPlatforms) = postSolution
		{84A39CF5-E0DA-4556-8B24-871A655AF966}.Debug|x64.ActiveCfg = Debug|x64
		{84A39CF5-E0DA-4556-8B24-871A655AF966}.Debug|x64.Build.0 = Debug|x64
		{84A39CF5-E0DA-4556-8B24-871A655AF966}.Debug|x86.ActiveCfg = Debug|Win32
		{84A39CF5-E0DA-4556-8B24-871A655AF966}.Debug|x86.Build.0 = Debug|Win32
		{84A39CF5-E0DA-4556-8B24-871A655AF966}.Release|x64.ActiveCfg = Release|x64
		{84A39CF5-E0DA-4556-8B24-871A655AF966}.Release|x64.Build.0 = Release|x64
		{84A39CF5-E0DA-4556-8B24-871A655AF966}.Release|x86.ActiveCfg = Release|Win32
		{84A39CF5-E0DA-4556-8B24-871A655AF966}.Release|x86.Build.0 = Release|Win32
	EndGlobalSection
	GlobalSection(SolutionProperties) = preSolution
		HideSolutionNode = FALSE
	EndGlobalSection
	GlobalSection(ExtensibilityGlobals) = postSolution
		SolutionGuid = {E0E82A13-373C-4D64-BF9C-9F57C9C82FC9}
	EndGlobalSection
EndGlobal
